// !$*UTF8*$!
{
	archiveVersion = 1;
	classes = {
	};
	objectVersion = 50;
	objects = {

/* Begin PBXBuildFile section */
		0324953726E677A600F629B3 /* ChatUIApp.swift in Sources */ = {isa = PBXBuildFile; fileRef = 0324953626E677A600F629B3 /* ChatUIApp.swift */; };
		0324953926E677A600F629B3 /* ContentView.swift in Sources */ = {isa = PBXBuildFile; fileRef = 0324953826E677A600F629B3 /* ContentView.swift */; };
		0324953B26E677A700F629B3 /* Assets.xcassets in Resources */ = {isa = PBXBuildFile; fileRef = 0324953A26E677A700F629B3 /* Assets.xcassets */; };
		0324953E26E677A700F629B3 /* Preview Assets.xcassets in Resources */ = {isa = PBXBuildFile; fileRef = 0324953D26E677A700F629B3 /* Preview Assets.xcassets */; };
		0324954926E677A700F629B3 /* ChatUITests.swift in Sources */ = {isa = PBXBuildFile; fileRef = 0324954826E677A700F629B3 /* ChatUITests.swift */; };
		0324955426E677A800F629B3 /* ChatUIUITests.swift in Sources */ = {isa = PBXBuildFile; fileRef = 0324955326E677A800F629B3 /* ChatUIUITests.swift */; };
		0324956726E6780800F629B3 /* Login.swift in Sources */ = {isa = PBXBuildFile; fileRef = 0324956626E6780800F629B3 /* Login.swift */; };
		0324956926E6781300F629B3 /* SignUp.swift in Sources */ = {isa = PBXBuildFile; fileRef = 0324956826E6781300F629B3 /* SignUp.swift */; };
		0324956B26E67E5F00F629B3 /* Constants.swift in Sources */ = {isa = PBXBuildFile; fileRef = 0324956A26E67E5F00F629B3 /* Constants.swift */; };
		0324956D26E69BBB00F629B3 /* ImageBtn.swift in Sources */ = {isa = PBXBuildFile; fileRef = 0324956C26E69BBB00F629B3 /* ImageBtn.swift */; };
		0324957026E6BB3D00F629B3 /* AppleButton.swift in Sources */ = {isa = PBXBuildFile; fileRef = 0324956F26E6BB3D00F629B3 /* AppleButton.swift */; };
		0324957226E6BB9D00F629B3 /* CustomSignInButton.swift in Sources */ = {isa = PBXBuildFile; fileRef = 0324957126E6BB9D00F629B3 /* CustomSignInButton.swift */; };
		0324957426E6BBE600F629B3 /* TitleView.swift in Sources */ = {isa = PBXBuildFile; fileRef = 0324957326E6BBE600F629B3 /* TitleView.swift */; };
		0324957626E6BC7C00F629B3 /* CustomQuestionButton.swift in Sources */ = {isa = PBXBuildFile; fileRef = 0324957526E6BC7C00F629B3 /* CustomQuestionButton.swift */; };
		0324957826E6BDCD00F629B3 /* PasswordField.swift in Sources */ = {isa = PBXBuildFile; fileRef = 0324957726E6BDCD00F629B3 /* PasswordField.swift */; };
		03B1FD4326EBC786005FE088 /* SwfitUIImagePicker.swift in Sources */ = {isa = PBXBuildFile; fileRef = 03B1FD4226EBC786005FE088 /* SwfitUIImagePicker.swift */; };
		03D72C3626E8052E00B9F915 /* TabBarView.swift in Sources */ = {isa = PBXBuildFile; fileRef = 03D72C3526E8052E00B9F915 /* TabBarView.swift */; };
		03D72C3C26E806C700B9F915 /* SettingsView.swift in Sources */ = {isa = PBXBuildFile; fileRef = 03D72C3B26E806C700B9F915 /* SettingsView.swift */; };
		03D72C3E26E806D000B9F915 /* ChatView.swift in Sources */ = {isa = PBXBuildFile; fileRef = 03D72C3D26E806D000B9F915 /* ChatView.swift */; };
		03D72C4026E806D900B9F915 /* HomeView.swift in Sources */ = {isa = PBXBuildFile; fileRef = 03D72C3F26E806D900B9F915 /* HomeView.swift */; };
		03D72C4226E80EF300B9F915 /* SettingsHeaderView.swift in Sources */ = {isa = PBXBuildFile; fileRef = 03D72C4126E80EF300B9F915 /* SettingsHeaderView.swift */; };
		03D72C4426E8102800B9F915 /* SettingsViewCell.swift in Sources */ = {isa = PBXBuildFile; fileRef = 03D72C4326E8102800B9F915 /* SettingsViewCell.swift */; };
		03FCDFBD26E9276000EA96C6 /* ProfileView.swift in Sources */ = {isa = PBXBuildFile; fileRef = 03FCDFBC26E9276000EA96C6 /* ProfileView.swift */; };
		03FCDFC026E9294800EA96C6 /* ProfileImageView.swift in Sources */ = {isa = PBXBuildFile; fileRef = 03FCDFBF26E9294800EA96C6 /* ProfileImageView.swift */; };
		03FCDFC226E97C1500EA96C6 /* StatusSelectorView.swift in Sources */ = {isa = PBXBuildFile; fileRef = 03FCDFC126E97C1500EA96C6 /* StatusSelectorView.swift */; };
		03FCDFC526E97EC600EA96C6 /* StatusViewModel.swift in Sources */ = {isa = PBXBuildFile; fileRef = 03FCDFC426E97EC600EA96C6 /* StatusViewModel.swift */; };
		E8145CD326E8254E008D0FCF /* SettingsCellViewModel.swift in Sources */ = {isa = PBXBuildFile; fileRef = E8145CD226E8254E008D0FCF /* SettingsCellViewModel.swift */; };
/* End PBXBuildFile section */

/* Begin PBXContainerItemProxy section */
		0324954526E677A700F629B3 /* PBXContainerItemProxy */ = {
			isa = PBXContainerItemProxy;
			containerPortal = 0324952B26E677A600F629B3 /* Project object */;
			proxyType = 1;
			remoteGlobalIDString = 0324953226E677A600F629B3;
			remoteInfo = ChatUI;
		};
		0324955026E677A800F629B3 /* PBXContainerItemProxy */ = {
			isa = PBXContainerItemProxy;
			containerPortal = 0324952B26E677A600F629B3 /* Project object */;
			proxyType = 1;
			remoteGlobalIDString = 0324953226E677A600F629B3;
			remoteInfo = ChatUI;
		};
/* End PBXContainerItemProxy section */

/* Begin PBXFileReference section */
		0324953326E677A600F629B3 /* ChatUI.app */ = {isa = PBXFileReference; explicitFileType = wrapper.application; includeInIndex = 0; path = ChatUI.app; sourceTree = BUILT_PRODUCTS_DIR; };
		0324953626E677A600F629B3 /* ChatUIApp.swift */ = {isa = PBXFileReference; lastKnownFileType = sourcecode.swift; path = ChatUIApp.swift; sourceTree = "<group>"; };
		0324953826E677A600F629B3 /* ContentView.swift */ = {isa = PBXFileReference; lastKnownFileType = sourcecode.swift; path = ContentView.swift; sourceTree = "<group>"; };
		0324953A26E677A700F629B3 /* Assets.xcassets */ = {isa = PBXFileReference; lastKnownFileType = folder.assetcatalog; path = Assets.xcassets; sourceTree = "<group>"; };
		0324953D26E677A700F629B3 /* Preview Assets.xcassets */ = {isa = PBXFileReference; lastKnownFileType = folder.assetcatalog; path = "Preview Assets.xcassets"; sourceTree = "<group>"; };
		0324953F26E677A700F629B3 /* Info.plist */ = {isa = PBXFileReference; lastKnownFileType = text.plist.xml; path = Info.plist; sourceTree = "<group>"; };
		0324954426E677A700F629B3 /* ChatUITests.xctest */ = {isa = PBXFileReference; explicitFileType = wrapper.cfbundle; includeInIndex = 0; path = ChatUITests.xctest; sourceTree = BUILT_PRODUCTS_DIR; };
		0324954826E677A700F629B3 /* ChatUITests.swift */ = {isa = PBXFileReference; lastKnownFileType = sourcecode.swift; path = ChatUITests.swift; sourceTree = "<group>"; };
		0324954A26E677A700F629B3 /* Info.plist */ = {isa = PBXFileReference; lastKnownFileType = text.plist.xml; path = Info.plist; sourceTree = "<group>"; };
		0324954F26E677A800F629B3 /* ChatUIUITests.xctest */ = {isa = PBXFileReference; explicitFileType = wrapper.cfbundle; includeInIndex = 0; path = ChatUIUITests.xctest; sourceTree = BUILT_PRODUCTS_DIR; };
		0324955326E677A800F629B3 /* ChatUIUITests.swift */ = {isa = PBXFileReference; lastKnownFileType = sourcecode.swift; path = ChatUIUITests.swift; sourceTree = "<group>"; };
		0324955526E677A800F629B3 /* Info.plist */ = {isa = PBXFileReference; lastKnownFileType = text.plist.xml; path = Info.plist; sourceTree = "<group>"; };
		0324956626E6780800F629B3 /* Login.swift */ = {isa = PBXFileReference; lastKnownFileType = sourcecode.swift; path = Login.swift; sourceTree = "<group>"; };
		0324956826E6781300F629B3 /* SignUp.swift */ = {isa = PBXFileReference; lastKnownFileType = sourcecode.swift; path = SignUp.swift; sourceTree = "<group>"; };
		0324956A26E67E5F00F629B3 /* Constants.swift */ = {isa = PBXFileReference; lastKnownFileType = sourcecode.swift; path = Constants.swift; sourceTree = "<group>"; };
		0324956C26E69BBB00F629B3 /* ImageBtn.swift */ = {isa = PBXFileReference; fileEncoding = 4; lastKnownFileType = sourcecode.swift; path = ImageBtn.swift; sourceTree = "<group>"; };
		0324956F26E6BB3D00F629B3 /* AppleButton.swift */ = {isa = PBXFileReference; lastKnownFileType = sourcecode.swift; path = AppleButton.swift; sourceTree = "<group>"; };
		0324957126E6BB9D00F629B3 /* CustomSignInButton.swift */ = {isa = PBXFileReference; lastKnownFileType = sourcecode.swift; path = CustomSignInButton.swift; sourceTree = "<group>"; };
		0324957326E6BBE600F629B3 /* TitleView.swift */ = {isa = PBXFileReference; lastKnownFileType = sourcecode.swift; path = TitleView.swift; sourceTree = "<group>"; };
		0324957526E6BC7C00F629B3 /* CustomQuestionButton.swift */ = {isa = PBXFileReference; lastKnownFileType = sourcecode.swift; path = CustomQuestionButton.swift; sourceTree = "<group>"; };
		0324957726E6BDCD00F629B3 /* PasswordField.swift */ = {isa = PBXFileReference; lastKnownFileType = sourcecode.swift; path = PasswordField.swift; sourceTree = "<group>"; };
		03B1FD4226EBC786005FE088 /* SwfitUIImagePicker.swift */ = {isa = PBXFileReference; lastKnownFileType = sourcecode.swift; path = SwfitUIImagePicker.swift; sourceTree = "<group>"; };
		03D72C3526E8052E00B9F915 /* TabBarView.swift */ = {isa = PBXFileReference; lastKnownFileType = sourcecode.swift; path = TabBarView.swift; sourceTree = "<group>"; };
		03D72C3B26E806C700B9F915 /* SettingsView.swift */ = {isa = PBXFileReference; lastKnownFileType = sourcecode.swift; path = SettingsView.swift; sourceTree = "<group>"; };
		03D72C3D26E806D000B9F915 /* ChatView.swift */ = {isa = PBXFileReference; lastKnownFileType = sourcecode.swift; path = ChatView.swift; sourceTree = "<group>"; };
		03D72C3F26E806D900B9F915 /* HomeView.swift */ = {isa = PBXFileReference; lastKnownFileType = sourcecode.swift; path = HomeView.swift; sourceTree = "<group>"; };
		03D72C4126E80EF300B9F915 /* SettingsHeaderView.swift */ = {isa = PBXFileReference; lastKnownFileType = sourcecode.swift; path = SettingsHeaderView.swift; sourceTree = "<group>"; };
		03D72C4326E8102800B9F915 /* SettingsViewCell.swift */ = {isa = PBXFileReference; lastKnownFileType = sourcecode.swift; path = SettingsViewCell.swift; sourceTree = "<group>"; };
		03FCDFBC26E9276000EA96C6 /* ProfileView.swift */ = {isa = PBXFileReference; lastKnownFileType = sourcecode.swift; path = ProfileView.swift; sourceTree = "<group>"; };
		03FCDFBF26E9294800EA96C6 /* ProfileImageView.swift */ = {isa = PBXFileReference; lastKnownFileType = sourcecode.swift; path = ProfileImageView.swift; sourceTree = "<group>"; };
		03FCDFC126E97C1500EA96C6 /* StatusSelectorView.swift */ = {isa = PBXFileReference; lastKnownFileType = sourcecode.swift; path = StatusSelectorView.swift; sourceTree = "<group>"; };
		03FCDFC426E97EC600EA96C6 /* StatusViewModel.swift */ = {isa = PBXFileReference; lastKnownFileType = sourcecode.swift; path = StatusViewModel.swift; sourceTree = "<group>"; };
		E8145CD226E8254E008D0FCF /* SettingsCellViewModel.swift */ = {isa = PBXFileReference; lastKnownFileType = sourcecode.swift; path = SettingsCellViewModel.swift; sourceTree = "<group>"; };
/* End PBXFileReference section */

/* Begin PBXFrameworksBuildPhase section */
		0324953026E677A600F629B3 /* Frameworks */ = {
			isa = PBXFrameworksBuildPhase;
			buildActionMask = 2147483647;
			files = (
			);
			runOnlyForDeploymentPostprocessing = 0;
		};
		0324954126E677A700F629B3 /* Frameworks */ = {
			isa = PBXFrameworksBuildPhase;
			buildActionMask = 2147483647;
			files = (
			);
			runOnlyForDeploymentPostprocessing = 0;
		};
		0324954C26E677A700F629B3 /* Frameworks */ = {
			isa = PBXFrameworksBuildPhase;
			buildActionMask = 2147483647;
			files = (
			);
			runOnlyForDeploymentPostprocessing = 0;
		};
/* End PBXFrameworksBuildPhase section */

/* Begin PBXGroup section */
		0324952A26E677A600F629B3 = {
			isa = PBXGroup;
			children = (
				0324953526E677A600F629B3 /* ChatUI */,
				0324954726E677A700F629B3 /* ChatUITests */,
				0324955226E677A800F629B3 /* ChatUIUITests */,
				0324953426E677A600F629B3 /* Products */,
			);
			sourceTree = "<group>";
		};
		0324953426E677A600F629B3 /* Products */ = {
			isa = PBXGroup;
			children = (
				0324953326E677A600F629B3 /* ChatUI.app */,
				0324954426E677A700F629B3 /* ChatUITests.xctest */,
				0324954F26E677A800F629B3 /* ChatUIUITests.xctest */,
			);
			name = Products;
			sourceTree = "<group>";
		};
		0324953526E677A600F629B3 /* ChatUI */ = {
			isa = PBXGroup;
			children = (
				0324956126E677B900F629B3 /* Model */,
				0324956226E677BA00F629B3 /* Views */,
				03FCDFBE26E9292E00EA96C6 /* ImageViews */,
				0324956326E677BB00F629B3 /* ViewModel */,
				0324956426E677BB00F629B3 /* Utils */,
				0324953626E677A600F629B3 /* ChatUIApp.swift */,
				0324953826E677A600F629B3 /* ContentView.swift */,
				0324953A26E677A700F629B3 /* Assets.xcassets */,
				0324953F26E677A700F629B3 /* Info.plist */,
				0324953C26E677A700F629B3 /* Preview Content */,
			);
			path = ChatUI;
			sourceTree = "<group>";
		};
		0324953C26E677A700F629B3 /* Preview Content */ = {
			isa = PBXGroup;
			children = (
				0324953D26E677A700F629B3 /* Preview Assets.xcassets */,
			);
			path = "Preview Content";
			sourceTree = "<group>";
		};
		0324954726E677A700F629B3 /* ChatUITests */ = {
			isa = PBXGroup;
			children = (
				0324954826E677A700F629B3 /* ChatUITests.swift */,
				0324954A26E677A700F629B3 /* Info.plist */,
			);
			path = ChatUITests;
			sourceTree = "<group>";
		};
		0324955226E677A800F629B3 /* ChatUIUITests */ = {
			isa = PBXGroup;
			children = (
				0324955326E677A800F629B3 /* ChatUIUITests.swift */,
				0324955526E677A800F629B3 /* Info.plist */,
			);
			path = ChatUIUITests;
			sourceTree = "<group>";
		};
		0324956126E677B900F629B3 /* Model */ = {
			isa = PBXGroup;
			children = (
			);
			path = Model;
			sourceTree = "<group>";
		};
		0324956226E677BA00F629B3 /* Views */ = {
			isa = PBXGroup;
			children = (
				03B1FD4126EBC763005FE088 /* ImagePicker */,
				03D72C3726E8053600B9F915 /* MainViews */,
				0324956E26E6A54100F629B3 /* Buttons */,
				0324956526E677F700F629B3 /* AuthorizationViews */,
				03D72C3226E8045E00B9F915 /* SharedViews */,
				03D72C3326E8046C00B9F915 /* TextFieldViews */,
			);
			path = Views;
			sourceTree = "<group>";
		};
		0324956326E677BB00F629B3 /* ViewModel */ = {
			isa = PBXGroup;
			children = (
				03FCDFC326E97EB200EA96C6 /* StatusViewModel */,
				E8145CD126E82533008D0FCF /* SettingsViewModel */,
			);
			path = ViewModel;
			sourceTree = "<group>";
		};
		0324956426E677BB00F629B3 /* Utils */ = {
			isa = PBXGroup;
			children = (
				0324956A26E67E5F00F629B3 /* Constants.swift */,
			);
			path = Utils;
			sourceTree = "<group>";
		};
		0324956526E677F700F629B3 /* AuthorizationViews */ = {
			isa = PBXGroup;
			children = (
				0324956626E6780800F629B3 /* Login.swift */,
				0324956826E6781300F629B3 /* SignUp.swift */,
			);
			path = AuthorizationViews;
			sourceTree = "<group>";
		};
		0324956E26E6A54100F629B3 /* Buttons */ = {
			isa = PBXGroup;
			children = (
				0324956C26E69BBB00F629B3 /* ImageBtn.swift */,
				0324956F26E6BB3D00F629B3 /* AppleButton.swift */,
				0324957126E6BB9D00F629B3 /* CustomSignInButton.swift */,
				0324957526E6BC7C00F629B3 /* CustomQuestionButton.swift */,
			);
			path = Buttons;
			sourceTree = "<group>";
		};
		03B1FD4126EBC763005FE088 /* ImagePicker */ = {
			isa = PBXGroup;
			children = (
				03B1FD4226EBC786005FE088 /* SwfitUIImagePicker.swift */,
			);
			path = ImagePicker;
			sourceTree = "<group>";
		};
		03D72C3226E8045E00B9F915 /* SharedViews */ = {
			isa = PBXGroup;
			children = (
				0324957326E6BBE600F629B3 /* TitleView.swift */,
			);
			path = SharedViews;
			sourceTree = "<group>";
		};
		03D72C3326E8046C00B9F915 /* TextFieldViews */ = {
			isa = PBXGroup;
			children = (
				0324957726E6BDCD00F629B3 /* PasswordField.swift */,
			);
			path = TextFieldViews;
			sourceTree = "<group>";
		};
		03D72C3426E8050B00B9F915 /* TabBarView */ = {
			isa = PBXGroup;
			children = (
				03D72C3526E8052E00B9F915 /* TabBarView.swift */,
			);
			path = TabBarView;
			sourceTree = "<group>";
		};
		03D72C3726E8053600B9F915 /* MainViews */ = {
			isa = PBXGroup;
			children = (
				E8145CD426E82B2C008D0FCF /* ProfileView */,
				03D72C3A26E806B300B9F915 /* SettingsView */,
				03D72C3926E806AC00B9F915 /* ChatView */,
				03D72C3826E806A500B9F915 /* HomeView */,
				03D72C3426E8050B00B9F915 /* TabBarView */,
			);
			path = MainViews;
			sourceTree = "<group>";
		};
		03D72C3826E806A500B9F915 /* HomeView */ = {
			isa = PBXGroup;
			children = (
				03D72C3F26E806D900B9F915 /* HomeView.swift */,
			);
			path = HomeView;
			sourceTree = "<group>";
		};
		03D72C3926E806AC00B9F915 /* ChatView */ = {
			isa = PBXGroup;
			children = (
				03D72C3D26E806D000B9F915 /* ChatView.swift */,
			);
			path = ChatView;
			sourceTree = "<group>";
		};
		03D72C3A26E806B300B9F915 /* SettingsView */ = {
			isa = PBXGroup;
			children = (
				03D72C3B26E806C700B9F915 /* SettingsView.swift */,
				03D72C4126E80EF300B9F915 /* SettingsHeaderView.swift */,
				03D72C4326E8102800B9F915 /* SettingsViewCell.swift */,
			);
			path = SettingsView;
			sourceTree = "<group>";
		};
		03FCDFBE26E9292E00EA96C6 /* ImageViews */ = {
			isa = PBXGroup;
			children = (
				03FCDFBF26E9294800EA96C6 /* ProfileImageView.swift */,
			);
			path = ImageViews;
			sourceTree = "<group>";
		};
		03FCDFC326E97EB200EA96C6 /* StatusViewModel */ = {
			isa = PBXGroup;
			children = (
				03FCDFC426E97EC600EA96C6 /* StatusViewModel.swift */,
			);
			path = StatusViewModel;
			sourceTree = "<group>";
		};
		E8145CD126E82533008D0FCF /* SettingsViewModel */ = {
			isa = PBXGroup;
			children = (
				E8145CD226E8254E008D0FCF /* SettingsCellViewModel.swift */,
			);
			path = SettingsViewModel;
			sourceTree = "<group>";
		};
		E8145CD426E82B2C008D0FCF /* ProfileView */ = {
			isa = PBXGroup;
			children = (
				03FCDFBC26E9276000EA96C6 /* ProfileView.swift */,
				03FCDFC126E97C1500EA96C6 /* StatusSelectorView.swift */,
			);
			path = ProfileView;
			sourceTree = "<group>";
		};
/* End PBXGroup section */

/* Begin PBXNativeTarget section */
		0324953226E677A600F629B3 /* ChatUI */ = {
			isa = PBXNativeTarget;
			buildConfigurationList = 0324955826E677A800F629B3 /* Build configuration list for PBXNativeTarget "ChatUI" */;
			buildPhases = (
				0324952F26E677A600F629B3 /* Sources */,
				0324953026E677A600F629B3 /* Frameworks */,
				0324953126E677A600F629B3 /* Resources */,
			);
			buildRules = (
			);
			dependencies = (
			);
			name = ChatUI;
			productName = ChatUI;
			productReference = 0324953326E677A600F629B3 /* ChatUI.app */;
			productType = "com.apple.product-type.application";
		};
		0324954326E677A700F629B3 /* ChatUITests */ = {
			isa = PBXNativeTarget;
			buildConfigurationList = 0324955B26E677A800F629B3 /* Build configuration list for PBXNativeTarget "ChatUITests" */;
			buildPhases = (
				0324954026E677A700F629B3 /* Sources */,
				0324954126E677A700F629B3 /* Frameworks */,
				0324954226E677A700F629B3 /* Resources */,
			);
			buildRules = (
			);
			dependencies = (
				0324954626E677A700F629B3 /* PBXTargetDependency */,
			);
			name = ChatUITests;
			productName = ChatUITests;
			productReference = 0324954426E677A700F629B3 /* ChatUITests.xctest */;
			productType = "com.apple.product-type.bundle.unit-test";
		};
		0324954E26E677A700F629B3 /* ChatUIUITests */ = {
			isa = PBXNativeTarget;
			buildConfigurationList = 0324955E26E677A800F629B3 /* Build configuration list for PBXNativeTarget "ChatUIUITests" */;
			buildPhases = (
				0324954B26E677A700F629B3 /* Sources */,
				0324954C26E677A700F629B3 /* Frameworks */,
				0324954D26E677A700F629B3 /* Resources */,
			);
			buildRules = (
			);
			dependencies = (
				0324955126E677A800F629B3 /* PBXTargetDependency */,
			);
			name = ChatUIUITests;
			productName = ChatUIUITests;
			productReference = 0324954F26E677A800F629B3 /* ChatUIUITests.xctest */;
			productType = "com.apple.product-type.bundle.ui-testing";
		};
/* End PBXNativeTarget section */

/* Begin PBXProject section */
		0324952B26E677A600F629B3 /* Project object */ = {
			isa = PBXProject;
			attributes = {
				LastSwiftUpdateCheck = 1250;
				LastUpgradeCheck = 1250;
				TargetAttributes = {
					0324953226E677A600F629B3 = {
						CreatedOnToolsVersion = 12.5.1;
					};
					0324954326E677A700F629B3 = {
						CreatedOnToolsVersion = 12.5.1;
						TestTargetID = 0324953226E677A600F629B3;
					};
					0324954E26E677A700F629B3 = {
						CreatedOnToolsVersion = 12.5.1;
						TestTargetID = 0324953226E677A600F629B3;
					};
				};
			};
			buildConfigurationList = 0324952E26E677A600F629B3 /* Build configuration list for PBXProject "ChatUI" */;
			compatibilityVersion = "Xcode 9.3";
			developmentRegion = en;
			hasScannedForEncodings = 0;
			knownRegions = (
				en,
				Base,
			);
			mainGroup = 0324952A26E677A600F629B3;
			productRefGroup = 0324953426E677A600F629B3 /* Products */;
			projectDirPath = "";
			projectRoot = "";
			targets = (
				0324953226E677A600F629B3 /* ChatUI */,
				0324954326E677A700F629B3 /* ChatUITests */,
				0324954E26E677A700F629B3 /* ChatUIUITests */,
			);
		};
/* End PBXProject section */

/* Begin PBXResourcesBuildPhase section */
		0324953126E677A600F629B3 /* Resources */ = {
			isa = PBXResourcesBuildPhase;
			buildActionMask = 2147483647;
			files = (
				0324953E26E677A700F629B3 /* Preview Assets.xcassets in Resources */,
				0324953B26E677A700F629B3 /* Assets.xcassets in Resources */,
			);
			runOnlyForDeploymentPostprocessing = 0;
		};
		0324954226E677A700F629B3 /* Resources */ = {
			isa = PBXResourcesBuildPhase;
			buildActionMask = 2147483647;
			files = (
			);
			runOnlyForDeploymentPostprocessing = 0;
		};
		0324954D26E677A700F629B3 /* Resources */ = {
			isa = PBXResourcesBuildPhase;
			buildActionMask = 2147483647;
			files = (
			);
			runOnlyForDeploymentPostprocessing = 0;
		};
/* End PBXResourcesBuildPhase section */

/* Begin PBXSourcesBuildPhase section */
		0324952F26E677A600F629B3 /* Sources */ = {
			isa = PBXSourcesBuildPhase;
			buildActionMask = 2147483647;
			files = (
				0324956D26E69BBB00F629B3 /* ImageBtn.swift in Sources */,
				E8145CD326E8254E008D0FCF /* SettingsCellViewModel.swift in Sources */,
				0324956B26E67E5F00F629B3 /* Constants.swift in Sources */,
				0324957226E6BB9D00F629B3 /* CustomSignInButton.swift in Sources */,
				03D72C4026E806D900B9F915 /* HomeView.swift in Sources */,
				0324956726E6780800F629B3 /* Login.swift in Sources */,
				03D72C3E26E806D000B9F915 /* ChatView.swift in Sources */,
				03B1FD4326EBC786005FE088 /* SwfitUIImagePicker.swift in Sources */,
				0324956926E6781300F629B3 /* SignUp.swift in Sources */,
				0324957426E6BBE600F629B3 /* TitleView.swift in Sources */,
				03D72C4226E80EF300B9F915 /* SettingsHeaderView.swift in Sources */,
				0324957826E6BDCD00F629B3 /* PasswordField.swift in Sources */,
				0324953926E677A600F629B3 /* ContentView.swift in Sources */,
				03FCDFC026E9294800EA96C6 /* ProfileImageView.swift in Sources */,
				0324953726E677A600F629B3 /* ChatUIApp.swift in Sources */,
				0324957626E6BC7C00F629B3 /* CustomQuestionButton.swift in Sources */,
				03D72C4426E8102800B9F915 /* SettingsViewCell.swift in Sources */,
				03D72C3626E8052E00B9F915 /* TabBarView.swift in Sources */,
				03FCDFBD26E9276000EA96C6 /* ProfileView.swift in Sources */,
				03FCDFC526E97EC600EA96C6 /* StatusViewModel.swift in Sources */,
				0324957026E6BB3D00F629B3 /* AppleButton.swift in Sources */,
				03FCDFC226E97C1500EA96C6 /* StatusSelectorView.swift in Sources */,
				03D72C3C26E806C700B9F915 /* SettingsView.swift in Sources */,
			);
			runOnlyForDeploymentPostprocessing = 0;
		};
		0324954026E677A700F629B3 /* Sources */ = {
			isa = PBXSourcesBuildPhase;
			buildActionMask = 2147483647;
			files = (
				0324954926E677A700F629B3 /* ChatUITests.swift in Sources */,
			);
			runOnlyForDeploymentPostprocessing = 0;
		};
		0324954B26E677A700F629B3 /* Sources */ = {
			isa = PBXSourcesBuildPhase;
			buildActionMask = 2147483647;
			files = (
				0324955426E677A800F629B3 /* ChatUIUITests.swift in Sources */,
			);
			runOnlyForDeploymentPostprocessing = 0;
		};
/* End PBXSourcesBuildPhase section */

/* Begin PBXTargetDependency section */
		0324954626E677A700F629B3 /* PBXTargetDependency */ = {
			isa = PBXTargetDependency;
			target = 0324953226E677A600F629B3 /* ChatUI */;
			targetProxy = 0324954526E677A700F629B3 /* PBXContainerItemProxy */;
		};
		0324955126E677A800F629B3 /* PBXTargetDependency */ = {
			isa = PBXTargetDependency;
			target = 0324953226E677A600F629B3 /* ChatUI */;
			targetProxy = 0324955026E677A800F629B3 /* PBXContainerItemProxy */;
		};
/* End PBXTargetDependency section */

/* Begin XCBuildConfiguration section */
		0324955626E677A800F629B3 /* Debug */ = {
			isa = XCBuildConfiguration;
			buildSettings = {
				ALWAYS_SEARCH_USER_PATHS = NO;
				CLANG_ANALYZER_NONNULL = YES;
				CLANG_ANALYZER_NUMBER_OBJECT_CONVERSION = YES_AGGRESSIVE;
				CLANG_CXX_LANGUAGE_STANDARD = "gnu++14";
				CLANG_CXX_LIBRARY = "libc++";
				CLANG_ENABLE_MODULES = YES;
				CLANG_ENABLE_OBJC_ARC = YES;
				CLANG_ENABLE_OBJC_WEAK = YES;
				CLANG_WARN_BLOCK_CAPTURE_AUTORELEASING = YES;
				CLANG_WARN_BOOL_CONVERSION = YES;
				CLANG_WARN_COMMA = YES;
				CLANG_WARN_CONSTANT_CONVERSION = YES;
				CLANG_WARN_DEPRECATED_OBJC_IMPLEMENTATIONS = YES;
				CLANG_WARN_DIRECT_OBJC_ISA_USAGE = YES_ERROR;
				CLANG_WARN_DOCUMENTATION_COMMENTS = YES;
				CLANG_WARN_EMPTY_BODY = YES;
				CLANG_WARN_ENUM_CONVERSION = YES;
				CLANG_WARN_INFINITE_RECURSION = YES;
				CLANG_WARN_INT_CONVERSION = YES;
				CLANG_WARN_NON_LITERAL_NULL_CONVERSION = YES;
				CLANG_WARN_OBJC_IMPLICIT_RETAIN_SELF = YES;
				CLANG_WARN_OBJC_LITERAL_CONVERSION = YES;
				CLANG_WARN_OBJC_ROOT_CLASS = YES_ERROR;
				CLANG_WARN_QUOTED_INCLUDE_IN_FRAMEWORK_HEADER = YES;
				CLANG_WARN_RANGE_LOOP_ANALYSIS = YES;
				CLANG_WARN_STRICT_PROTOTYPES = YES;
				CLANG_WARN_SUSPICIOUS_MOVE = YES;
				CLANG_WARN_UNGUARDED_AVAILABILITY = YES_AGGRESSIVE;
				CLANG_WARN_UNREACHABLE_CODE = YES;
				CLANG_WARN__DUPLICATE_METHOD_MATCH = YES;
				COPY_PHASE_STRIP = NO;
				DEBUG_INFORMATION_FORMAT = dwarf;
				ENABLE_STRICT_OBJC_MSGSEND = YES;
				ENABLE_TESTABILITY = YES;
				GCC_C_LANGUAGE_STANDARD = gnu11;
				GCC_DYNAMIC_NO_PIC = NO;
				GCC_NO_COMMON_BLOCKS = YES;
				GCC_OPTIMIZATION_LEVEL = 0;
				GCC_PREPROCESSOR_DEFINITIONS = (
					"DEBUG=1",
					"$(inherited)",
				);
				GCC_WARN_64_TO_32_BIT_CONVERSION = YES;
				GCC_WARN_ABOUT_RETURN_TYPE = YES_ERROR;
				GCC_WARN_UNDECLARED_SELECTOR = YES;
				GCC_WARN_UNINITIALIZED_AUTOS = YES_AGGRESSIVE;
				GCC_WARN_UNUSED_FUNCTION = YES;
				GCC_WARN_UNUSED_VARIABLE = YES;
				IPHONEOS_DEPLOYMENT_TARGET = 14.5;
				MTL_ENABLE_DEBUG_INFO = INCLUDE_SOURCE;
				MTL_FAST_MATH = YES;
				ONLY_ACTIVE_ARCH = YES;
				SDKROOT = iphoneos;
				SWIFT_ACTIVE_COMPILATION_CONDITIONS = DEBUG;
				SWIFT_OPTIMIZATION_LEVEL = "-Onone";
			};
			name = Debug;
		};
		0324955726E677A800F629B3 /* Release */ = {
			isa = XCBuildConfiguration;
			buildSettings = {
				ALWAYS_SEARCH_USER_PATHS = NO;
				CLANG_ANALYZER_NONNULL = YES;
				CLANG_ANALYZER_NUMBER_OBJECT_CONVERSION = YES_AGGRESSIVE;
				CLANG_CXX_LANGUAGE_STANDARD = "gnu++14";
				CLANG_CXX_LIBRARY = "libc++";
				CLANG_ENABLE_MODULES = YES;
				CLANG_ENABLE_OBJC_ARC = YES;
				CLANG_ENABLE_OBJC_WEAK = YES;
				CLANG_WARN_BLOCK_CAPTURE_AUTORELEASING = YES;
				CLANG_WARN_BOOL_CONVERSION = YES;
				CLANG_WARN_COMMA = YES;
				CLANG_WARN_CONSTANT_CONVERSION = YES;
				CLANG_WARN_DEPRECATED_OBJC_IMPLEMENTATIONS = YES;
				CLANG_WARN_DIRECT_OBJC_ISA_USAGE = YES_ERROR;
				CLANG_WARN_DOCUMENTATION_COMMENTS = YES;
				CLANG_WARN_EMPTY_BODY = YES;
				CLANG_WARN_ENUM_CONVERSION = YES;
				CLANG_WARN_INFINITE_RECURSION = YES;
				CLANG_WARN_INT_CONVERSION = YES;
				CLANG_WARN_NON_LITERAL_NULL_CONVERSION = YES;
				CLANG_WARN_OBJC_IMPLICIT_RETAIN_SELF = YES;
				CLANG_WARN_OBJC_LITERAL_CONVERSION = YES;
				CLANG_WARN_OBJC_ROOT_CLASS = YES_ERROR;
				CLANG_WARN_QUOTED_INCLUDE_IN_FRAMEWORK_HEADER = YES;
				CLANG_WARN_RANGE_LOOP_ANALYSIS = YES;
				CLANG_WARN_STRICT_PROTOTYPES = YES;
				CLANG_WARN_SUSPICIOUS_MOVE = YES;
				CLANG_WARN_UNGUARDED_AVAILABILITY = YES_AGGRESSIVE;
				CLANG_WARN_UNREACHABLE_CODE = YES;
				CLANG_WARN__DUPLICATE_METHOD_MATCH = YES;
				COPY_PHASE_STRIP = NO;
				DEBUG_INFORMATION_FORMAT = "dwarf-with-dsym";
				ENABLE_NS_ASSERTIONS = NO;
				ENABLE_STRICT_OBJC_MSGSEND = YES;
				GCC_C_LANGUAGE_STANDARD = gnu11;
				GCC_NO_COMMON_BLOCKS = YES;
				GCC_WARN_64_TO_32_BIT_CONVERSION = YES;
				GCC_WARN_ABOUT_RETURN_TYPE = YES_ERROR;
				GCC_WARN_UNDECLARED_SELECTOR = YES;
				GCC_WARN_UNINITIALIZED_AUTOS = YES_AGGRESSIVE;
				GCC_WARN_UNUSED_FUNCTION = YES;
				GCC_WARN_UNUSED_VARIABLE = YES;
				IPHONEOS_DEPLOYMENT_TARGET = 14.5;
				MTL_ENABLE_DEBUG_INFO = NO;
				MTL_FAST_MATH = YES;
				SDKROOT = iphoneos;
				SWIFT_COMPILATION_MODE = wholemodule;
				SWIFT_OPTIMIZATION_LEVEL = "-O";
				VALIDATE_PRODUCT = YES;
			};
			name = Release;
		};
		0324955926E677A800F629B3 /* Debug */ = {
			isa = XCBuildConfiguration;
			buildSettings = {
				ASSETCATALOG_COMPILER_APPICON_NAME = AppIcon;
				ASSETCATALOG_COMPILER_GLOBAL_ACCENT_COLOR_NAME = AccentColor;
				CODE_SIGN_STYLE = Automatic;
				DEVELOPMENT_ASSET_PATHS = "\"ChatUI/Preview Content\"";
				DEVELOPMENT_TEAM = WCYKWTBZ5Q;
				ENABLE_PREVIEWS = YES;
				INFOPLIST_FILE = ChatUI/Info.plist;
				IPHONEOS_DEPLOYMENT_TARGET = 14.0;
				LD_RUNPATH_SEARCH_PATHS = (
					"$(inherited)",
					"@executable_path/Frameworks",
				);
				PRODUCT_BUNDLE_IDENTIFIER = com.leandrodiaz.ChatUI;
				PRODUCT_NAME = "$(TARGET_NAME)";
				SWIFT_VERSION = 5.0;
				TARGETED_DEVICE_FAMILY = "1,2";
			};
			name = Debug;
		};
		0324955A26E677A800F629B3 /* Release */ = {
			isa = XCBuildConfiguration;
			buildSettings = {
				ASSETCATALOG_COMPILER_APPICON_NAME = AppIcon;
				ASSETCATALOG_COMPILER_GLOBAL_ACCENT_COLOR_NAME = AccentColor;
				CODE_SIGN_STYLE = Automatic;
				DEVELOPMENT_ASSET_PATHS = "\"ChatUI/Preview Content\"";
				DEVELOPMENT_TEAM = WCYKWTBZ5Q;
				ENABLE_PREVIEWS = YES;
				INFOPLIST_FILE = ChatUI/Info.plist;
				IPHONEOS_DEPLOYMENT_TARGET = 14.0;
				LD_RUNPATH_SEARCH_PATHS = (
					"$(inherited)",
					"@executable_path/Frameworks",
				);
				PRODUCT_BUNDLE_IDENTIFIER = com.leandrodiaz.ChatUI;
				PRODUCT_NAME = "$(TARGET_NAME)";
				SWIFT_VERSION = 5.0;
				TARGETED_DEVICE_FAMILY = "1,2";
			};
			name = Release;
		};
		0324955C26E677A800F629B3 /* Debug */ = {
			isa = XCBuildConfiguration;
			buildSettings = {
				ALWAYS_EMBED_SWIFT_STANDARD_LIBRARIES = YES;
				BUNDLE_LOADER = "$(TEST_HOST)";
				CODE_SIGN_STYLE = Automatic;
				DEVELOPMENT_TEAM = WCYKWTBZ5Q;
				INFOPLIST_FILE = ChatUITests/Info.plist;
				IPHONEOS_DEPLOYMENT_TARGET = 14.0;
				LD_RUNPATH_SEARCH_PATHS = (
					"$(inherited)",
					"@executable_path/Frameworks",
					"@loader_path/Frameworks",
				);
				PRODUCT_BUNDLE_IDENTIFIER = com.leandrodiaz.ChatUITests;
				PRODUCT_NAME = "$(TARGET_NAME)";
				SWIFT_VERSION = 5.0;
				TARGETED_DEVICE_FAMILY = "1,2";
				TEST_HOST = "$(BUILT_PRODUCTS_DIR)/ChatUI.app/ChatUI";
			};
			name = Debug;
		};
		0324955D26E677A800F629B3 /* Release */ = {
			isa = XCBuildConfiguration;
			buildSettings = {
				ALWAYS_EMBED_SWIFT_STANDARD_LIBRARIES = YES;
				BUNDLE_LOADER = "$(TEST_HOST)";
				CODE_SIGN_STYLE = Automatic;
				DEVELOPMENT_TEAM = WCYKWTBZ5Q;
				INFOPLIST_FILE = ChatUITests/Info.plist;
				IPHONEOS_DEPLOYMENT_TARGET = 14.0;
				LD_RUNPATH_SEARCH_PATHS = (
					"$(inherited)",
					"@executable_path/Frameworks",
					"@loader_path/Frameworks",
				);
				PRODUCT_BUNDLE_IDENTIFIER = com.leandrodiaz.ChatUITests;
				PRODUCT_NAME = "$(TARGET_NAME)";
				SWIFT_VERSION = 5.0;
				TARGETED_DEVICE_FAMILY = "1,2";
				TEST_HOST = "$(BUILT_PRODUCTS_DIR)/ChatUI.app/ChatUI";
			};
			name = Release;
		};
		0324955F26E677A800F629B3 /* Debug */ = {
			isa = XCBuildConfiguration;
			buildSettings = {
				ALWAYS_EMBED_SWIFT_STANDARD_LIBRARIES = YES;
				CODE_SIGN_STYLE = Automatic;
				DEVELOPMENT_TEAM = WCYKWTBZ5Q;
				INFOPLIST_FILE = ChatUIUITests/Info.plist;
				LD_RUNPATH_SEARCH_PATHS = (
					"$(inherited)",
					"@executable_path/Frameworks",
					"@loader_path/Frameworks",
				);
				PRODUCT_BUNDLE_IDENTIFIER = com.leandrodiaz.ChatUIUITests;
				PRODUCT_NAME = "$(TARGET_NAME)";
				SWIFT_VERSION = 5.0;
				TARGETED_DEVICE_FAMILY = "1,2";
				TEST_TARGET_NAME = ChatUI;
			};
			name = Debug;
		};
		0324956026E677A800F629B3 /* Release */ = {
			isa = XCBuildConfiguration;
			buildSettings = {
				ALWAYS_EMBED_SWIFT_STANDARD_LIBRARIES = YES;
				CODE_SIGN_STYLE = Automatic;
				DEVELOPMENT_TEAM = WCYKWTBZ5Q;
				INFOPLIST_FILE = ChatUIUITests/Info.plist;
				LD_RUNPATH_SEARCH_PATHS = (
					"$(inherited)",
					"@executable_path/Frameworks",
					"@loader_path/Frameworks",
				);
				PRODUCT_BUNDLE_IDENTIFIER = com.leandrodiaz.ChatUIUITests;
				PRODUCT_NAME = "$(TARGET_NAME)";
				SWIFT_VERSION = 5.0;
				TARGETED_DEVICE_FAMILY = "1,2";
				TEST_TARGET_NAME = ChatUI;
			};
			name = Release;
		};
/* End XCBuildConfiguration section */

/* Begin XCConfigurationList section */
		0324952E26E677A600F629B3 /* Build configuration list for PBXProject "ChatUI" */ = {
			isa = XCConfigurationList;
			buildConfigurations = (
				0324955626E677A800F629B3 /* Debug */,
				0324955726E677A800F629B3 /* Release */,
			);
			defaultConfigurationIsVisible = 0;
			defaultConfigurationName = Release;
		};
		0324955826E677A800F629B3 /* Build configuration list for PBXNativeTarget "ChatUI" */ = {
			isa = XCConfigurationList;
			buildConfigurations = (
				0324955926E677A800F629B3 /* Debug */,
				0324955A26E677A800F629B3 /* Release */,
			);
			defaultConfigurationIsVisible = 0;
			defaultConfigurationName = Release;
		};
		0324955B26E677A800F629B3 /* Build configuration list for PBXNativeTarget "ChatUITests" */ = {
			isa = XCConfigurationList;
			buildConfigurations = (
				0324955C26E677A800F629B3 /* Debug */,
				0324955D26E677A800F629B3 /* Release */,
			);
			defaultConfigurationIsVisible = 0;
			defaultConfigurationName = Release;
		};
		0324955E26E677A800F629B3 /* Build configuration list for PBXNativeTarget "ChatUIUITests" */ = {
			isa = XCConfigurationList;
			buildConfigurations = (
				0324955F26E677A800F629B3 /* Debug */,
				0324956026E677A800F629B3 /* Release */,
			);
			defaultConfigurationIsVisible = 0;
			defaultConfigurationName = Release;
		};
/* End XCConfigurationList section */
	};
	rootObject = 0324952B26E677A600F629B3 /* Project object */;
}
